{
  "pins" : [
    {
      "identity" : "xcodedebug",
      "kind" : "remoteSourceControl",
      "location" : "https://github.com/anconaesselmann/XcodeDebug",
      "state" : {
        "revision" : "cf7711e689e706b493d41029cbb391cf921ef3f0",
        "version" : "0.1.0"
      }
    }
  ],
  "version" : 2
}
