{
  "pins" : [
    {
      "identity" : "fileurlextensions",
      "kind" : "remoteSourceControl",
      "location" : "https://github.com/anconaesselmann/FileUrlExtensions",
      "state" : {
        "revision" : "aae3ab0e09d6d7f34672dfe4f47afd0b0ec0c973",
        "version" : "0.0.2"
      }
    },
    {
      "identity" : "xcodedebug",
      "kind" : "remoteSourceControl",
      "location" : "https://github.com/anconaesselmann/XcodeDebug",
      "state" : {
        "revision" : "89119dfe3ee3621564acab7151e04712cc937e69",
        "version" : "0.0.7"
      }
    },
    {
      "identity" : "yetanotherlogger",
      "kind" : "remoteSourceControl",
      "location" : "https://github.com/anconaesselmann/YetAnotherLogger",
      "state" : {
        "revision" : "6adb407206c2f3567f5db2e42108d4ed1d9e66b7",
        "version" : "0.0.1"
      }
    }
  ],
  "version" : 2
}
