// !$*UTF8*$!
{
	archiveVersion = 1;
	classes = {
	};
	objectVersion = 60;
	objects = {

/* Begin PBXBuildFile section */
		97107D022B02EC16001CEDD2 /* Screen.swift in Sources */ = {isa = PBXBuildFile; fileRef = 97107D012B02EC16001CEDD2 /* Screen.swift */; };
		97107D0D2B0344D4001CEDD2 /* CustomEventManager.swift in Sources */ = {isa = PBXBuildFile; fileRef = 97107D0C2B0344D4001CEDD2 /* CustomEventManager.swift */; };
		97107D102B035B50001CEDD2 /* EventTriggeredButton in Frameworks */ = {isa = PBXBuildFile; productRef = 97107D0F2B035B50001CEDD2 /* EventTriggeredButton */; };
		97107D132B035B7C001CEDD2 /* EventTriggeredButton in Frameworks */ = {isa = PBXBuildFile; productRef = 97107D122B035B7C001CEDD2 /* EventTriggeredButton */; };
		97107D162B035C5E001CEDD2 /* EventTriggeredButton in Frameworks */ = {isa = PBXBuildFile; productRef = 97107D152B035C5E001CEDD2 /* EventTriggeredButton */; };
		97107D1D2B035E59001CEDD2 /* EventId.swift in Sources */ = {isa = PBXBuildFile; fileRef = 97107D1C2B035E59001CEDD2 /* EventId.swift */; };
		97107D1F2B035E90001CEDD2 /* ETButton+Extensions.swift in Sources */ = {isa = PBXBuildFile; fileRef = 97107D1E2B035E90001CEDD2 /* ETButton+Extensions.swift */; };
		9714BC1D2B029B6800CBD196 /* XcodeDebug in Frameworks */ = {isa = PBXBuildFile; productRef = 9714BC1C2B029B6800CBD196 /* XcodeDebug */; };
		9714BC242B02ACD300CBD196 /* XcodeDebug in Frameworks */ = {isa = PBXBuildFile; productRef = 9714BC232B02ACD300CBD196 /* XcodeDebug */; };
		9714BC302B02B9F600CBD196 /* XcodeDebug in Frameworks */ = {isa = PBXBuildFile; productRef = 9714BC2F2B02B9F600CBD196 /* XcodeDebug */; };
		9714BC332B02CE6900CBD196 /* XcodeDebug in Frameworks */ = {isa = PBXBuildFile; productRef = 9714BC322B02CE6900CBD196 /* XcodeDebug */; };
		9714BC3D2B02E52E00CBD196 /* Service.swift in Sources */ = {isa = PBXBuildFile; fileRef = 9714BC3C2B02E52E00CBD196 /* Service.swift */; };
		9714BC3F2B02EBE100CBD196 /* NavManager.swift in Sources */ = {isa = PBXBuildFile; fileRef = 9714BC3E2B02EBE100CBD196 /* NavManager.swift */; };
		974A62D62B043A540067D480 /* EventTriggeredButton in Frameworks */ = {isa = PBXBuildFile; productRef = 974A62D52B043A540067D480 /* EventTriggeredButton */; };
		974CB6B32B004E070006D359 /* XCDebugExampleProjectApp.swift in Sources */ = {isa = PBXBuildFile; fileRef = 974CB6B22B004E070006D359 /* XCDebugExampleProjectApp.swift */; };
		974CB6B52B004E070006D359 /* ContentView.swift in Sources */ = {isa = PBXBuildFile; fileRef = 974CB6B42B004E070006D359 /* ContentView.swift */; };
		974CB6B72B004E090006D359 /* Assets.xcassets in Resources */ = {isa = PBXBuildFile; fileRef = 974CB6B62B004E090006D359 /* Assets.xcassets */; };
		974CB6BB2B004E090006D359 /* Preview Assets.xcassets in Resources */ = {isa = PBXBuildFile; fileRef = 974CB6BA2B004E090006D359 /* Preview Assets.xcassets */; };
		974CB6C32B004E610006D359 /* XcodeDebug in Frameworks */ = {isa = PBXBuildFile; productRef = 974CB6C22B004E610006D359 /* XcodeDebug */; };
		974CB6FA2B01A3730006D359 /* LoginViewModel.swift in Sources */ = {isa = PBXBuildFile; fileRef = 974CB6F92B01A3730006D359 /* LoginViewModel.swift */; };
		974CB6FD2B01AC250006D359 /* XcodeDebug in Frameworks */ = {isa = PBXBuildFile; productRef = 974CB6FC2B01AC250006D359 /* XcodeDebug */; };
		97D4217A2B01EABA002C5E70 /* XcodeDebug in Frameworks */ = {isa = PBXBuildFile; productRef = 97D421792B01EABA002C5E70 /* XcodeDebug */; };
		97D421852B01FC45002C5E70 /* XcodeDebug in Frameworks */ = {isa = PBXBuildFile; productRef = 97D421842B01FC45002C5E70 /* XcodeDebug */; };
		97D421882B01FC78002C5E70 /* XcodeDebug in Frameworks */ = {isa = PBXBuildFile; productRef = 97D421872B01FC78002C5E70 /* XcodeDebug */; };
		97D4218E2B0217EA002C5E70 /* LoginDebug.swift in Sources */ = {isa = PBXBuildFile; fileRef = 97D4218D2B0217EA002C5E70 /* LoginDebug.swift */; };
/* End PBXBuildFile section */

/* Begin PBXFileReference section */
		97107D012B02EC16001CEDD2 /* Screen.swift */ = {isa = PBXFileReference; lastKnownFileType = sourcecode.swift; path = Screen.swift; sourceTree = "<group>"; };
		97107D0C2B0344D4001CEDD2 /* CustomEventManager.swift */ = {isa = PBXFileReference; lastKnownFileType = sourcecode.swift; path = CustomEventManager.swift; sourceTree = "<group>"; };
		97107D1C2B035E59001CEDD2 /* EventId.swift */ = {isa = PBXFileReference; lastKnownFileType = sourcecode.swift; path = EventId.swift; sourceTree = "<group>"; };
		97107D1E2B035E90001CEDD2 /* ETButton+Extensions.swift */ = {isa = PBXFileReference; lastKnownFileType = sourcecode.swift; path = "ETButton+Extensions.swift"; sourceTree = "<group>"; };
		9714BC3C2B02E52E00CBD196 /* Service.swift */ = {isa = PBXFileReference; lastKnownFileType = sourcecode.swift; path = Service.swift; sourceTree = "<group>"; };
		9714BC3E2B02EBE100CBD196 /* NavManager.swift */ = {isa = PBXFileReference; lastKnownFileType = sourcecode.swift; path = NavManager.swift; sourceTree = "<group>"; };
		974CB6AF2B004E070006D359 /* XCDebugExampleProject.app */ = {isa = PBXFileReference; explicitFileType = wrapper.application; includeInIndex = 0; path = XCDebugExampleProject.app; sourceTree = BUILT_PRODUCTS_DIR; };
		974CB6B22B004E070006D359 /* XCDebugExampleProjectApp.swift */ = {isa = PBXFileReference; lastKnownFileType = sourcecode.swift; path = XCDebugExampleProjectApp.swift; sourceTree = "<group>"; };
		974CB6B42B004E070006D359 /* ContentView.swift */ = {isa = PBXFileReference; lastKnownFileType = sourcecode.swift; path = ContentView.swift; sourceTree = "<group>"; };
		974CB6B62B004E090006D359 /* Assets.xcassets */ = {isa = PBXFileReference; lastKnownFileType = folder.assetcatalog; path = Assets.xcassets; sourceTree = "<group>"; };
		974CB6B82B004E090006D359 /* XCDebugExampleProject.entitlements */ = {isa = PBXFileReference; lastKnownFileType = text.plist.entitlements; path = XCDebugExampleProject.entitlements; sourceTree = "<group>"; };
		974CB6BA2B004E090006D359 /* Preview Assets.xcassets */ = {isa = PBXFileReference; lastKnownFileType = folder.assetcatalog; path = "Preview Assets.xcassets"; sourceTree = "<group>"; };
		974CB6F92B01A3730006D359 /* LoginViewModel.swift */ = {isa = PBXFileReference; lastKnownFileType = sourcecode.swift; path = LoginViewModel.swift; sourceTree = "<group>"; };
		97D4218D2B0217EA002C5E70 /* LoginDebug.swift */ = {isa = PBXFileReference; lastKnownFileType = sourcecode.swift; path = LoginDebug.swift; sourceTree = "<group>"; };
/* End PBXFileReference section */

/* Begin PBXFrameworksBuildPhase section */
		974CB6AC2B004E070006D359 /* Frameworks */ = {
			isa = PBXFrameworksBuildPhase;
			buildActionMask = 2147483647;
			files = (
				97D421852B01FC45002C5E70 /* XcodeDebug in Frameworks */,
				974A62D62B043A540067D480 /* EventTriggeredButton in Frameworks */,
				9714BC332B02CE6900CBD196 /* XcodeDebug in Frameworks */,
				9714BC242B02ACD300CBD196 /* XcodeDebug in Frameworks */,
				97107D162B035C5E001CEDD2 /* EventTriggeredButton in Frameworks */,
				974CB6FD2B01AC250006D359 /* XcodeDebug in Frameworks */,
				97D4217A2B01EABA002C5E70 /* XcodeDebug in Frameworks */,
				97107D132B035B7C001CEDD2 /* EventTriggeredButton in Frameworks */,
				9714BC302B02B9F600CBD196 /* XcodeDebug in Frameworks */,
				974CB6C32B004E610006D359 /* XcodeDebug in Frameworks */,
				97107D102B035B50001CEDD2 /* EventTriggeredButton in Frameworks */,
				9714BC1D2B029B6800CBD196 /* XcodeDebug in Frameworks */,
				97D421882B01FC78002C5E70 /* XcodeDebug in Frameworks */,
			);
			runOnlyForDeploymentPostprocessing = 0;
		};
/* End PBXFrameworksBuildPhase section */

/* Begin PBXGroup section */
		97107D1A2B035E3F001CEDD2 /* Managers */ = {
			isa = PBXGroup;
			children = (
				9714BC3E2B02EBE100CBD196 /* NavManager.swift */,
				97107D0C2B0344D4001CEDD2 /* CustomEventManager.swift */,
			);
			path = Managers;
			sourceTree = "<group>";
		};
		97107D1B2B035E4D001CEDD2 /* Constants */ = {
			isa = PBXGroup;
			children = (
				97107D012B02EC16001CEDD2 /* Screen.swift */,
				97107D1C2B035E59001CEDD2 /* EventId.swift */,
			);
			path = Constants;
			sourceTree = "<group>";
		};
		97107D202B035EAE001CEDD2 /* Extensions */ = {
			isa = PBXGroup;
			children = (
				97107D1E2B035E90001CEDD2 /* ETButton+Extensions.swift */,
			);
			path = Extensions;
			sourceTree = "<group>";
		};
		974CB6A62B004E070006D359 = {
			isa = PBXGroup;
			children = (
				974CB6B12B004E070006D359 /* XCDebugExampleProject */,
				974CB6B02B004E070006D359 /* Products */,
			);
			sourceTree = "<group>";
		};
		974CB6B02B004E070006D359 /* Products */ = {
			isa = PBXGroup;
			children = (
				974CB6AF2B004E070006D359 /* XCDebugExampleProject.app */,
			);
			name = Products;
			sourceTree = "<group>";
		};
		974CB6B12B004E070006D359 /* XCDebugExampleProject */ = {
			isa = PBXGroup;
			children = (
				974CB6B22B004E070006D359 /* XCDebugExampleProjectApp.swift */,
				974CB6B42B004E070006D359 /* ContentView.swift */,
				974CB6F92B01A3730006D359 /* LoginViewModel.swift */,
				9714BC3C2B02E52E00CBD196 /* Service.swift */,
				97107D202B035EAE001CEDD2 /* Extensions */,
				97107D1B2B035E4D001CEDD2 /* Constants */,
				97107D1A2B035E3F001CEDD2 /* Managers */,
				97D4218C2B0217DE002C5E70 /* DebugSettings */,
				974CB6B62B004E090006D359 /* Assets.xcassets */,
				974CB6B82B004E090006D359 /* XCDebugExampleProject.entitlements */,
				974CB6B92B004E090006D359 /* Preview Content */,
			);
			path = XCDebugExampleProject;
			sourceTree = "<group>";
		};
		974CB6B92B004E090006D359 /* Preview Content */ = {
			isa = PBXGroup;
			children = (
				974CB6BA2B004E090006D359 /* Preview Assets.xcassets */,
			);
			path = "Preview Content";
			sourceTree = "<group>";
		};
		97D4218C2B0217DE002C5E70 /* DebugSettings */ = {
			isa = PBXGroup;
			children = (
				97D4218D2B0217EA002C5E70 /* LoginDebug.swift */,
			);
			path = DebugSettings;
			sourceTree = "<group>";
		};
/* End PBXGroup section */

/* Begin PBXNativeTarget section */
		974CB6AE2B004E070006D359 /* XCDebugExampleProject */ = {
			isa = PBXNativeTarget;
			buildConfigurationList = 974CB6BE2B004E090006D359 /* Build configuration list for PBXNativeTarget "XCDebugExampleProject" */;
			buildPhases = (
				974CB6AB2B004E070006D359 /* Sources */,
				974CB6AC2B004E070006D359 /* Frameworks */,
				974CB6AD2B004E070006D359 /* Resources */,
			);
			buildRules = (
			);
			dependencies = (
			);
			name = XCDebugExampleProject;
			packageProductDependencies = (
				974CB6C22B004E610006D359 /* XcodeDebug */,
				974CB6FC2B01AC250006D359 /* XcodeDebug */,
				97D421792B01EABA002C5E70 /* XcodeDebug */,
				97D421842B01FC45002C5E70 /* XcodeDebug */,
				97D421872B01FC78002C5E70 /* XcodeDebug */,
				9714BC1C2B029B6800CBD196 /* XcodeDebug */,
				9714BC232B02ACD300CBD196 /* XcodeDebug */,
				9714BC2F2B02B9F600CBD196 /* XcodeDebug */,
				9714BC322B02CE6900CBD196 /* XcodeDebug */,
				97107D0F2B035B50001CEDD2 /* EventTriggeredButton */,
				97107D122B035B7C001CEDD2 /* EventTriggeredButton */,
				97107D152B035C5E001CEDD2 /* EventTriggeredButton */,
				974A62D52B043A540067D480 /* EventTriggeredButton */,
			);
			productName = XCDebugExampleProject;
			productReference = 974CB6AF2B004E070006D359 /* XCDebugExampleProject.app */;
			productType = "com.apple.product-type.application";
		};
/* End PBXNativeTarget section */

/* Begin PBXProject section */
		974CB6A72B004E070006D359 /* Project object */ = {
			isa = PBXProject;
			attributes = {
				BuildIndependentTargetsInParallel = 1;
				LastSwiftUpdateCheck = 1500;
				LastUpgradeCheck = 1500;
				TargetAttributes = {
					974CB6AE2B004E070006D359 = {
						CreatedOnToolsVersion = 15.0;
					};
				};
			};
			buildConfigurationList = 974CB6AA2B004E070006D359 /* Build configuration list for PBXProject "XCDebugExampleProject" */;
			compatibilityVersion = "Xcode 14.0";
			developmentRegion = en;
			hasScannedForEncodings = 0;
			knownRegions = (
				en,
				Base,
			);
			mainGroup = 974CB6A62B004E070006D359;
			packageReferences = (
				9714BC312B02CE6900CBD196 /* XCRemoteSwiftPackageReference "XcodeDebug" */,
				974A62D42B043A540067D480 /* XCLocalSwiftPackageReference "../../../EventTriggeredButton" */,
			);
			productRefGroup = 974CB6B02B004E070006D359 /* Products */;
			projectDirPath = "";
			projectRoot = "";
			targets = (
				974CB6AE2B004E070006D359 /* XCDebugExampleProject */,
			);
		};
/* End PBXProject section */

/* Begin PBXResourcesBuildPhase section */
		974CB6AD2B004E070006D359 /* Resources */ = {
			isa = PBXResourcesBuildPhase;
			buildActionMask = 2147483647;
			files = (
				974CB6BB2B004E090006D359 /* Preview Assets.xcassets in Resources */,
				974CB6B72B004E090006D359 /* Assets.xcassets in Resources */,
			);
			runOnlyForDeploymentPostprocessing = 0;
		};
/* End PBXResourcesBuildPhase section */

/* Begin PBXSourcesBuildPhase section */
		974CB6AB2B004E070006D359 /* Sources */ = {
			isa = PBXSourcesBuildPhase;
			buildActionMask = 2147483647;
			files = (
				97107D022B02EC16001CEDD2 /* Screen.swift in Sources */,
				974CB6B52B004E070006D359 /* ContentView.swift in Sources */,
				974CB6B32B004E070006D359 /* XCDebugExampleProjectApp.swift in Sources */,
				9714BC3D2B02E52E00CBD196 /* Service.swift in Sources */,
				97107D1D2B035E59001CEDD2 /* EventId.swift in Sources */,
				97107D0D2B0344D4001CEDD2 /* CustomEventManager.swift in Sources */,
				97107D1F2B035E90001CEDD2 /* ETButton+Extensions.swift in Sources */,
				974CB6FA2B01A3730006D359 /* LoginViewModel.swift in Sources */,
				97D4218E2B0217EA002C5E70 /* LoginDebug.swift in Sources */,
				9714BC3F2B02EBE100CBD196 /* NavManager.swift in Sources */,
			);
			runOnlyForDeploymentPostprocessing = 0;
		};
/* End PBXSourcesBuildPhase section */

/* Begin XCBuildConfiguration section */
		974CB6BC2B004E090006D359 /* Debug */ = {
			isa = XCBuildConfiguration;
			buildSettings = {
				ALWAYS_SEARCH_USER_PATHS = NO;
				ASSETCATALOG_COMPILER_GENERATE_SWIFT_ASSET_SYMBOL_EXTENSIONS = YES;
				CLANG_ANALYZER_NONNULL = YES;
				CLANG_ANALYZER_NUMBER_OBJECT_CONVERSION = YES_AGGRESSIVE;
				CLANG_CXX_LANGUAGE_STANDARD = "gnu++20";
				CLANG_ENABLE_MODULES = YES;
				CLANG_ENABLE_OBJC_ARC = YES;
				CLANG_ENABLE_OBJC_WEAK = YES;
				CLANG_WARN_BLOCK_CAPTURE_AUTORELEASING = YES;
				CLANG_WARN_BOOL_CONVERSION = YES;
				CLANG_WARN_COMMA = YES;
				CLANG_WARN_CONSTANT_CONVERSION = YES;
				CLANG_WARN_DEPRECATED_OBJC_IMPLEMENTATIONS = YES;
				CLANG_WARN_DIRECT_OBJC_ISA_USAGE = YES_ERROR;
				CLANG_WARN_DOCUMENTATION_COMMENTS = YES;
				CLANG_WARN_EMPTY_BODY = YES;
				CLANG_WARN_ENUM_CONVERSION = YES;
				CLANG_WARN_INFINITE_RECURSION = YES;
				CLANG_WARN_INT_CONVERSION = YES;
				CLANG_WARN_NON_LITERAL_NULL_CONVERSION = YES;
				CLANG_WARN_OBJC_IMPLICIT_RETAIN_SELF = YES;
				CLANG_WARN_OBJC_LITERAL_CONVERSION = YES;
				CLANG_WARN_OBJC_ROOT_CLASS = YES_ERROR;
				CLANG_WARN_QUOTED_INCLUDE_IN_FRAMEWORK_HEADER = YES;
				CLANG_WARN_RANGE_LOOP_ANALYSIS = YES;
				CLANG_WARN_STRICT_PROTOTYPES = YES;
				CLANG_WARN_SUSPICIOUS_MOVE = YES;
				CLANG_WARN_UNGUARDED_AVAILABILITY = YES_AGGRESSIVE;
				CLANG_WARN_UNREACHABLE_CODE = YES;
				CLANG_WARN__DUPLICATE_METHOD_MATCH = YES;
				COPY_PHASE_STRIP = NO;
				DEBUG_INFORMATION_FORMAT = dwarf;
				ENABLE_STRICT_OBJC_MSGSEND = YES;
				ENABLE_TESTABILITY = YES;
				ENABLE_USER_SCRIPT_SANDBOXING = YES;
				GCC_C_LANGUAGE_STANDARD = gnu17;
				GCC_DYNAMIC_NO_PIC = NO;
				GCC_NO_COMMON_BLOCKS = YES;
				GCC_OPTIMIZATION_LEVEL = 0;
				GCC_PREPROCESSOR_DEFINITIONS = (
					"DEBUG=1",
					"$(inherited)",
				);
				GCC_WARN_64_TO_32_BIT_CONVERSION = YES;
				GCC_WARN_ABOUT_RETURN_TYPE = YES_ERROR;
				GCC_WARN_UNDECLARED_SELECTOR = YES;
				GCC_WARN_UNINITIALIZED_AUTOS = YES_AGGRESSIVE;
				GCC_WARN_UNUSED_FUNCTION = YES;
				GCC_WARN_UNUSED_VARIABLE = YES;
				LOCALIZATION_PREFERS_STRING_CATALOGS = YES;
				MTL_ENABLE_DEBUG_INFO = INCLUDE_SOURCE;
				MTL_FAST_MATH = YES;
				ONLY_ACTIVE_ARCH = YES;
				SWIFT_ACTIVE_COMPILATION_CONDITIONS = "DEBUG $(inherited)";
				SWIFT_OPTIMIZATION_LEVEL = "-Onone";
			};
			name = Debug;
		};
		974CB6BD2B004E090006D359 /* Release */ = {
			isa = XCBuildConfiguration;
			buildSettings = {
				ALWAYS_SEARCH_USER_PATHS = NO;
				ASSETCATALOG_COMPILER_GENERATE_SWIFT_ASSET_SYMBOL_EXTENSIONS = YES;
				CLANG_ANALYZER_NONNULL = YES;
				CLANG_ANALYZER_NUMBER_OBJECT_CONVERSION = YES_AGGRESSIVE;
				CLANG_CXX_LANGUAGE_STANDARD = "gnu++20";
				CLANG_ENABLE_MODULES = YES;
				CLANG_ENABLE_OBJC_ARC = YES;
				CLANG_ENABLE_OBJC_WEAK = YES;
				CLANG_WARN_BLOCK_CAPTURE_AUTORELEASING = YES;
				CLANG_WARN_BOOL_CONVERSION = YES;
				CLANG_WARN_COMMA = YES;
				CLANG_WARN_CONSTANT_CONVERSION = YES;
				CLANG_WARN_DEPRECATED_OBJC_IMPLEMENTATIONS = YES;
				CLANG_WARN_DIRECT_OBJC_ISA_USAGE = YES_ERROR;
				CLANG_WARN_DOCUMENTATION_COMMENTS = YES;
				CLANG_WARN_EMPTY_BODY = YES;
				CLANG_WARN_ENUM_CONVERSION = YES;
				CLANG_WARN_INFINITE_RECURSION = YES;
				CLANG_WARN_INT_CONVERSION = YES;
				CLANG_WARN_NON_LITERAL_NULL_CONVERSION = YES;
				CLANG_WARN_OBJC_IMPLICIT_RETAIN_SELF = YES;
				CLANG_WARN_OBJC_LITERAL_CONVERSION = YES;
				CLANG_WARN_OBJC_ROOT_CLASS = YES_ERROR;
				CLANG_WARN_QUOTED_INCLUDE_IN_FRAMEWORK_HEADER = YES;
				CLANG_WARN_RANGE_LOOP_ANALYSIS = YES;
				CLANG_WARN_STRICT_PROTOTYPES = YES;
				CLANG_WARN_SUSPICIOUS_MOVE = YES;
				CLANG_WARN_UNGUARDED_AVAILABILITY = YES_AGGRESSIVE;
				CLANG_WARN_UNREACHABLE_CODE = YES;
				CLANG_WARN__DUPLICATE_METHOD_MATCH = YES;
				COPY_PHASE_STRIP = NO;
				DEBUG_INFORMATION_FORMAT = "dwarf-with-dsym";
				ENABLE_NS_ASSERTIONS = NO;
				ENABLE_STRICT_OBJC_MSGSEND = YES;
				ENABLE_USER_SCRIPT_SANDBOXING = YES;
				GCC_C_LANGUAGE_STANDARD = gnu17;
				GCC_NO_COMMON_BLOCKS = YES;
				GCC_WARN_64_TO_32_BIT_CONVERSION = YES;
				GCC_WARN_ABOUT_RETURN_TYPE = YES_ERROR;
				GCC_WARN_UNDECLARED_SELECTOR = YES;
				GCC_WARN_UNINITIALIZED_AUTOS = YES_AGGRESSIVE;
				GCC_WARN_UNUSED_FUNCTION = YES;
				GCC_WARN_UNUSED_VARIABLE = YES;
				LOCALIZATION_PREFERS_STRING_CATALOGS = YES;
				MTL_ENABLE_DEBUG_INFO = NO;
				MTL_FAST_MATH = YES;
				SWIFT_COMPILATION_MODE = wholemodule;
			};
			name = Release;
		};
		974CB6BF2B004E090006D359 /* Debug */ = {
			isa = XCBuildConfiguration;
			buildSettings = {
				ASSETCATALOG_COMPILER_APPICON_NAME = AppIcon;
				ASSETCATALOG_COMPILER_GLOBAL_ACCENT_COLOR_NAME = AccentColor;
				CODE_SIGN_ENTITLEMENTS = XCDebugExampleProject/XCDebugExampleProject.entitlements;
				CODE_SIGN_STYLE = Automatic;
				CURRENT_PROJECT_VERSION = 1;
				DEVELOPMENT_ASSET_PATHS = "\"XCDebugExampleProject/Preview Content\"";
				DEVELOPMENT_TEAM = D7MN23CD5F;
				ENABLE_HARDENED_RUNTIME = YES;
				ENABLE_PREVIEWS = YES;
				GENERATE_INFOPLIST_FILE = YES;
				"INFOPLIST_KEY_UIApplicationSceneManifest_Generation[sdk=iphoneos*]" = YES;
				"INFOPLIST_KEY_UIApplicationSceneManifest_Generation[sdk=iphonesimulator*]" = YES;
				"INFOPLIST_KEY_UIApplicationSupportsIndirectInputEvents[sdk=iphoneos*]" = YES;
				"INFOPLIST_KEY_UIApplicationSupportsIndirectInputEvents[sdk=iphonesimulator*]" = YES;
				"INFOPLIST_KEY_UILaunchScreen_Generation[sdk=iphoneos*]" = YES;
				"INFOPLIST_KEY_UILaunchScreen_Generation[sdk=iphonesimulator*]" = YES;
				"INFOPLIST_KEY_UIStatusBarStyle[sdk=iphoneos*]" = UIStatusBarStyleDefault;
				"INFOPLIST_KEY_UIStatusBarStyle[sdk=iphonesimulator*]" = UIStatusBarStyleDefault;
				INFOPLIST_KEY_UISupportedInterfaceOrientations_iPad = "UIInterfaceOrientationPortrait UIInterfaceOrientationPortraitUpsideDown UIInterfaceOrientationLandscapeLeft UIInterfaceOrientationLandscapeRight";
				INFOPLIST_KEY_UISupportedInterfaceOrientations_iPhone = "UIInterfaceOrientationPortrait UIInterfaceOrientationLandscapeLeft UIInterfaceOrientationLandscapeRight";
				IPHONEOS_DEPLOYMENT_TARGET = 17.0;
				LD_RUNPATH_SEARCH_PATHS = "@executable_path/Frameworks";
				"LD_RUNPATH_SEARCH_PATHS[sdk=macosx*]" = "@executable_path/../Frameworks";
				MACOSX_DEPLOYMENT_TARGET = 14.0;
				MARKETING_VERSION = 1.0;
				PRODUCT_BUNDLE_IDENTIFIER = com.anconaesselmann.XCDebugExampleProject;
				PRODUCT_NAME = "$(TARGET_NAME)";
				SDKROOT = auto;
				SUPPORTED_PLATFORMS = "iphoneos iphonesimulator macosx";
				SWIFT_EMIT_LOC_STRINGS = YES;
				SWIFT_VERSION = 5.0;
				TARGETED_DEVICE_FAMILY = "1,2";
			};
			name = Debug;
		};
		974CB6C02B004E090006D359 /* Release */ = {
			isa = XCBuildConfiguration;
			buildSettings = {
				ASSETCATALOG_COMPILER_APPICON_NAME = AppIcon;
				ASSETCATALOG_COMPILER_GLOBAL_ACCENT_COLOR_NAME = AccentColor;
				CODE_SIGN_ENTITLEMENTS = XCDebugExampleProject/XCDebugExampleProject.entitlements;
				CODE_SIGN_STYLE = Automatic;
				CURRENT_PROJECT_VERSION = 1;
				DEVELOPMENT_ASSET_PATHS = "\"XCDebugExampleProject/Preview Content\"";
				DEVELOPMENT_TEAM = D7MN23CD5F;
				ENABLE_HARDENED_RUNTIME = YES;
				ENABLE_PREVIEWS = YES;
				GENERATE_INFOPLIST_FILE = YES;
				"INFOPLIST_KEY_UIApplicationSceneManifest_Generation[sdk=iphoneos*]" = YES;
				"INFOPLIST_KEY_UIApplicationSceneManifest_Generation[sdk=iphonesimulator*]" = YES;
				"INFOPLIST_KEY_UIApplicationSupportsIndirectInputEvents[sdk=iphoneos*]" = YES;
				"INFOPLIST_KEY_UIApplicationSupportsIndirectInputEvents[sdk=iphonesimulator*]" = YES;
				"INFOPLIST_KEY_UILaunchScreen_Generation[sdk=iphoneos*]" = YES;
				"INFOPLIST_KEY_UILaunchScreen_Generation[sdk=iphonesimulator*]" = YES;
				"INFOPLIST_KEY_UIStatusBarStyle[sdk=iphoneos*]" = UIStatusBarStyleDefault;
				"INFOPLIST_KEY_UIStatusBarStyle[sdk=iphonesimulator*]" = UIStatusBarStyleDefault;
				INFOPLIST_KEY_UISupportedInterfaceOrientations_iPad = "UIInterfaceOrientationPortrait UIInterfaceOrientationPortraitUpsideDown UIInterfaceOrientationLandscapeLeft UIInterfaceOrientationLandscapeRight";
				INFOPLIST_KEY_UISupportedInterfaceOrientations_iPhone = "UIInterfaceOrientationPortrait UIInterfaceOrientationLandscapeLeft UIInterfaceOrientationLandscapeRight";
				IPHONEOS_DEPLOYMENT_TARGET = 17.0;
				LD_RUNPATH_SEARCH_PATHS = "@executable_path/Frameworks";
				"LD_RUNPATH_SEARCH_PATHS[sdk=macosx*]" = "@executable_path/../Frameworks";
				MACOSX_DEPLOYMENT_TARGET = 14.0;
				MARKETING_VERSION = 1.0;
				PRODUCT_BUNDLE_IDENTIFIER = com.anconaesselmann.XCDebugExampleProject;
				PRODUCT_NAME = "$(TARGET_NAME)";
				SDKROOT = auto;
				SUPPORTED_PLATFORMS = "iphoneos iphonesimulator macosx";
				SWIFT_EMIT_LOC_STRINGS = YES;
				SWIFT_VERSION = 5.0;
				TARGETED_DEVICE_FAMILY = "1,2";
			};
			name = Release;
		};
/* End XCBuildConfiguration section */

/* Begin XCConfigurationList section */
		974CB6AA2B004E070006D359 /* Build configuration list for PBXProject "XCDebugExampleProject" */ = {
			isa = XCConfigurationList;
			buildConfigurations = (
				974CB6BC2B004E090006D359 /* Debug */,
				974CB6BD2B004E090006D359 /* Release */,
			);
			defaultConfigurationIsVisible = 0;
			defaultConfigurationName = Release;
		};
		974CB6BE2B004E090006D359 /* Build configuration list for PBXNativeTarget "XCDebugExampleProject" */ = {
			isa = XCConfigurationList;
			buildConfigurations = (
				974CB6BF2B004E090006D359 /* Debug */,
				974CB6C02B004E090006D359 /* Release */,
			);
			defaultConfigurationIsVisible = 0;
			defaultConfigurationName = Release;
		};
/* End XCConfigurationList section */

/* Begin XCLocalSwiftPackageReference section */
		974A62D42B043A540067D480 /* XCLocalSwiftPackageReference "../../../EventTriggeredButton" */ = {
			isa = XCLocalSwiftPackageReference;
			relativePath = ../../../EventTriggeredButton;
		};
/* End XCLocalSwiftPackageReference section */

/* Begin XCRemoteSwiftPackageReference section */
		9714BC312B02CE6900CBD196 /* XCRemoteSwiftPackageReference "XcodeDebug" */ = {
			isa = XCRemoteSwiftPackageReference;
			repositoryURL = "https://github.com/anconaesselmann/XcodeDebug";
			requirement = {
				kind = upToNextMajorVersion;
				minimumVersion = 0.1.2;
			};
		};
/* End XCRemoteSwiftPackageReference section */

/* Begin XCSwiftPackageProductDependency section */
		97107D0F2B035B50001CEDD2 /* EventTriggeredButton */ = {
			isa = XCSwiftPackageProductDependency;
			productName = EventTriggeredButton;
		};
		97107D122B035B7C001CEDD2 /* EventTriggeredButton */ = {
			isa = XCSwiftPackageProductDependency;
			productName = EventTriggeredButton;
		};
		97107D152B035C5E001CEDD2 /* EventTriggeredButton */ = {
			isa = XCSwiftPackageProductDependency;
			productName = EventTriggeredButton;
		};
		9714BC1C2B029B6800CBD196 /* XcodeDebug */ = {
			isa = XCSwiftPackageProductDependency;
			productName = XcodeDebug;
		};
		9714BC232B02ACD300CBD196 /* XcodeDebug */ = {
			isa = XCSwiftPackageProductDependency;
			productName = XcodeDebug;
		};
		9714BC2F2B02B9F600CBD196 /* XcodeDebug */ = {
			isa = XCSwiftPackageProductDependency;
			productName = XcodeDebug;
		};
		9714BC322B02CE6900CBD196 /* XcodeDebug */ = {
			isa = XCSwiftPackageProductDependency;
			package = 9714BC312B02CE6900CBD196 /* XCRemoteSwiftPackageReference "XcodeDebug" */;
			productName = XcodeDebug;
		};
		974A62D52B043A540067D480 /* EventTriggeredButton */ = {
			isa = XCSwiftPackageProductDependency;
			productName = EventTriggeredButton;
		};
		974CB6C22B004E610006D359 /* XcodeDebug */ = {
			isa = XCSwiftPackageProductDependency;
			productName = XcodeDebug;
		};
		974CB6FC2B01AC250006D359 /* XcodeDebug */ = {
			isa = XCSwiftPackageProductDependency;
			productName = XcodeDebug;
		};
		97D421792B01EABA002C5E70 /* XcodeDebug */ = {
			isa = XCSwiftPackageProductDependency;
			productName = XcodeDebug;
		};
		97D421842B01FC45002C5E70 /* XcodeDebug */ = {
			isa = XCSwiftPackageProductDependency;
			productName = XcodeDebug;
		};
		97D421872B01FC78002C5E70 /* XcodeDebug */ = {
			isa = XCSwiftPackageProductDependency;
			productName = XcodeDebug;
		};
/* End XCSwiftPackageProductDependency section */
	};
	rootObject = 974CB6A72B004E070006D359 /* Project object */;
}
